// !$*UTF8*$!
{
	archiveVersion = 1;
	classes = {
	};
	objectVersion = 46;
	objects = {

/* Begin PBXBuildFile section */
		BF9CE93A17FB84530067C0C1 /* Foundation.framework in Frameworks */ = {isa = PBXBuildFile; fileRef = BF9CE93917FB84530067C0C1 /* Foundation.framework */; };
		BF9CE93C17FB84530067C0C1 /* CoreGraphics.framework in Frameworks */ = {isa = PBXBuildFile; fileRef = BF9CE93B17FB84530067C0C1 /* CoreGraphics.framework */; };
		BF9CE93E17FB84530067C0C1 /* UIKit.framework in Frameworks */ = {isa = PBXBuildFile; fileRef = BF9CE93D17FB84530067C0C1 /* UIKit.framework */; };
		BF9CE94417FB84530067C0C1 /* InfoPlist.strings in Resources */ = {isa = PBXBuildFile; fileRef = BF9CE94217FB84530067C0C1 /* InfoPlist.strings */; };
		BF9CE94617FB84530067C0C1 /* main.m in Sources */ = {isa = PBXBuildFile; fileRef = BF9CE94517FB84530067C0C1 /* main.m */; };
		BF9CE94A17FB84530067C0C1 /* AppDelegate.m in Sources */ = {isa = PBXBuildFile; fileRef = BF9CE94917FB84530067C0C1 /* AppDelegate.m */; };
		BF9CE94D17FB84530067C0C1 /* Main_iPhone.storyboard in Resources */ = {isa = PBXBuildFile; fileRef = BF9CE94B17FB84530067C0C1 /* Main_iPhone.storyboard */; };
		BF9CE95017FB84530067C0C1 /* Main_iPad.storyboard in Resources */ = {isa = PBXBuildFile; fileRef = BF9CE94E17FB84530067C0C1 /* Main_iPad.storyboard */; };
		BF9CE95317FB84530067C0C1 /* ViewController.m in Sources */ = {isa = PBXBuildFile; fileRef = BF9CE95217FB84530067C0C1 /* ViewController.m */; };
		BF9CE95517FB84530067C0C1 /* Images.xcassets in Resources */ = {isa = PBXBuildFile; fileRef = BF9CE95417FB84530067C0C1 /* Images.xcassets */; };
		BF9CE95C17FB84530067C0C1 /* XCTest.framework in Frameworks */ = {isa = PBXBuildFile; fileRef = BF9CE95B17FB84530067C0C1 /* XCTest.framework */; };
		BF9CE95D17FB84530067C0C1 /* Foundation.framework in Frameworks */ = {isa = PBXBuildFile; fileRef = BF9CE93917FB84530067C0C1 /* Foundation.framework */; };
		BF9CE95E17FB84530067C0C1 /* UIKit.framework in Frameworks */ = {isa = PBXBuildFile; fileRef = BF9CE93D17FB84530067C0C1 /* UIKit.framework */; };
		BF9CE96617FB84530067C0C1 /* InfoPlist.strings in Resources */ = {isa = PBXBuildFile; fileRef = BF9CE96417FB84530067C0C1 /* InfoPlist.strings */; };
		BF9CE96817FB84530067C0C1 /* TestAppTests.m in Sources */ = {isa = PBXBuildFile; fileRef = BF9CE96717FB84530067C0C1 /* TestAppTests.m */; };
/* End PBXBuildFile section */

/* Begin PBXContainerItemProxy section */
		BF9CE95F17FB84530067C0C1 /* PBXContainerItemProxy */ = {
			isa = PBXContainerItemProxy;
			containerPortal = BF9CE92E17FB84530067C0C1 /* Project object */;
			proxyType = 1;
			remoteGlobalIDString = BF9CE93517FB84530067C0C1;
			remoteInfo = TestApp;
		};
/* End PBXContainerItemProxy section */

/* Begin PBXFileReference section */
		BF9CE93617FB84530067C0C1 /* TestApp.app */ = {isa = PBXFileReference; explicitFileType = wrapper.application; includeInIndex = 0; path = TestApp.app; sourceTree = BUILT_PRODUCTS_DIR; };
		BF9CE93917FB84530067C0C1 /* Foundation.framework */ = {isa = PBXFileReference; lastKnownFileType = wrapper.framework; name = Foundation.framework; path = System/Library/Frameworks/Foundation.framework; sourceTree = SDKROOT; };
		BF9CE93B17FB84530067C0C1 /* CoreGraphics.framework */ = {isa = PBXFileReference; lastKnownFileType = wrapper.framework; name = CoreGraphics.framework; path = System/Library/Frameworks/CoreGraphics.framework; sourceTree = SDKROOT; };
		BF9CE93D17FB84530067C0C1 /* UIKit.framework */ = {isa = PBXFileReference; lastKnownFileType = wrapper.framework; name = UIKit.framework; path = System/Library/Frameworks/UIKit.framework; sourceTree = SDKROOT; };
		BF9CE94117FB84530067C0C1 /* TestApp-Info.plist */ = {isa = PBXFileReference; lastKnownFileType = text.plist.xml; path = "TestApp-Info.plist"; sourceTree = "<group>"; };
		BF9CE94317FB84530067C0C1 /* en */ = {isa = PBXFileReference; lastKnownFileType = text.plist.strings; name = en; path = en.lproj/InfoPlist.strings; sourceTree = "<group>"; };
		BF9CE94517FB84530067C0C1 /* main.m */ = {isa = PBXFileReference; lastKnownFileType = sourcecode.c.objc; path = main.m; sourceTree = "<group>"; };
		BF9CE94717FB84530067C0C1 /* TestApp-Prefix.pch */ = {isa = PBXFileReference; lastKnownFileType = sourcecode.c.h; path = "TestApp-Prefix.pch"; sourceTree = "<group>"; };
		BF9CE94817FB84530067C0C1 /* AppDelegate.h */ = {isa = PBXFileReference; lastKnownFileType = sourcecode.c.h; path = AppDelegate.h; sourceTree = "<group>"; };
		BF9CE94917FB84530067C0C1 /* AppDelegate.m */ = {isa = PBXFileReference; lastKnownFileType = sourcecode.c.objc; path = AppDelegate.m; sourceTree = "<group>"; };
		BF9CE94C17FB84530067C0C1 /* Base */ = {isa = PBXFileReference; lastKnownFileType = file.storyboard; name = Base; path = Base.lproj/Main_iPhone.storyboard; sourceTree = "<group>"; };
		BF9CE94F17FB84530067C0C1 /* Base */ = {isa = PBXFileReference; lastKnownFileType = file.storyboard; name = Base; path = Base.lproj/Main_iPad.storyboard; sourceTree = "<group>"; };
		BF9CE95117FB84530067C0C1 /* ViewController.h */ = {isa = PBXFileReference; lastKnownFileType = sourcecode.c.h; path = ViewController.h; sourceTree = "<group>"; };
		BF9CE95217FB84530067C0C1 /* ViewController.m */ = {isa = PBXFileReference; lastKnownFileType = sourcecode.c.objc; path = ViewController.m; sourceTree = "<group>"; };
		BF9CE95417FB84530067C0C1 /* Images.xcassets */ = {isa = PBXFileReference; lastKnownFileType = folder.assetcatalog; path = Images.xcassets; sourceTree = "<group>"; };
		BF9CE95A17FB84530067C0C1 /* TestAppTests.xctest */ = {isa = PBXFileReference; explicitFileType = wrapper.cfbundle; includeInIndex = 0; path = TestAppTests.xctest; sourceTree = BUILT_PRODUCTS_DIR; };
		BF9CE95B17FB84530067C0C1 /* XCTest.framework */ = {isa = PBXFileReference; lastKnownFileType = wrapper.framework; name = XCTest.framework; path = Library/Frameworks/XCTest.framework; sourceTree = DEVELOPER_DIR; };
		BF9CE96317FB84530067C0C1 /* TestAppTests-Info.plist */ = {isa = PBXFileReference; lastKnownFileType = text.plist.xml; path = "TestAppTests-Info.plist"; sourceTree = "<group>"; };
		BF9CE96517FB84530067C0C1 /* en */ = {isa = PBXFileReference; lastKnownFileType = text.plist.strings; name = en; path = en.lproj/InfoPlist.strings; sourceTree = "<group>"; };
		BF9CE96717FB84530067C0C1 /* TestAppTests.m */ = {isa = PBXFileReference; lastKnownFileType = sourcecode.c.objc; path = TestAppTests.m; sourceTree = "<group>"; };
/* End PBXFileReference section */

/* Begin PBXFrameworksBuildPhase section */
		BF9CE93317FB84530067C0C1 /* Frameworks */ = {
			isa = PBXFrameworksBuildPhase;
			buildActionMask = 2147483647;
			files = (
				BF9CE93C17FB84530067C0C1 /* CoreGraphics.framework in Frameworks */,
				BF9CE93E17FB84530067C0C1 /* UIKit.framework in Frameworks */,
				BF9CE93A17FB84530067C0C1 /* Foundation.framework in Frameworks */,
			);
			runOnlyForDeploymentPostprocessing = 0;
		};
		BF9CE95717FB84530067C0C1 /* Frameworks */ = {
			isa = PBXFrameworksBuildPhase;
			buildActionMask = 2147483647;
			files = (
				BF9CE95C17FB84530067C0C1 /* XCTest.framework in Frameworks */,
				BF9CE95E17FB84530067C0C1 /* UIKit.framework in Frameworks */,
				BF9CE95D17FB84530067C0C1 /* Foundation.framework in Frameworks */,
			);
			runOnlyForDeploymentPostprocessing = 0;
		};
/* End PBXFrameworksBuildPhase section */

/* Begin PBXGroup section */
		BF9CE92D17FB84530067C0C1 = {
			isa = PBXGroup;
			children = (
				BF9CE93F17FB84530067C0C1 /* TestApp */,
				BF9CE96117FB84530067C0C1 /* TestAppTests */,
				BF9CE93817FB84530067C0C1 /* Frameworks */,
				BF9CE93717FB84530067C0C1 /* Products */,
			);
			sourceTree = "<group>";
		};
		BF9CE93717FB84530067C0C1 /* Products */ = {
			isa = PBXGroup;
			children = (
				BF9CE93617FB84530067C0C1 /* TestApp.app */,
				BF9CE95A17FB84530067C0C1 /* TestAppTests.xctest */,
			);
			name = Products;
			sourceTree = "<group>";
		};
		BF9CE93817FB84530067C0C1 /* Frameworks */ = {
			isa = PBXGroup;
			children = (
				BF9CE93917FB84530067C0C1 /* Foundation.framework */,
				BF9CE93B17FB84530067C0C1 /* CoreGraphics.framework */,
				BF9CE93D17FB84530067C0C1 /* UIKit.framework */,
				BF9CE95B17FB84530067C0C1 /* XCTest.framework */,
			);
			name = Frameworks;
			sourceTree = "<group>";
		};
		BF9CE93F17FB84530067C0C1 /* TestApp */ = {
			isa = PBXGroup;
			children = (
				BF9CE94817FB84530067C0C1 /* AppDelegate.h */,
				BF9CE94917FB84530067C0C1 /* AppDelegate.m */,
				BF9CE94B17FB84530067C0C1 /* Main_iPhone.storyboard */,
				BF9CE94E17FB84530067C0C1 /* Main_iPad.storyboard */,
				BF9CE95117FB84530067C0C1 /* ViewController.h */,
				BF9CE95217FB84530067C0C1 /* ViewController.m */,
				BF9CE95417FB84530067C0C1 /* Images.xcassets */,
				BF9CE94017FB84530067C0C1 /* Supporting Files */,
			);
			path = TestApp;
			sourceTree = "<group>";
		};
		BF9CE94017FB84530067C0C1 /* Supporting Files */ = {
			isa = PBXGroup;
			children = (
				BF9CE94117FB84530067C0C1 /* TestApp-Info.plist */,
				BF9CE94217FB84530067C0C1 /* InfoPlist.strings */,
				BF9CE94517FB84530067C0C1 /* main.m */,
				BF9CE94717FB84530067C0C1 /* TestApp-Prefix.pch */,
			);
			name = "Supporting Files";
			sourceTree = "<group>";
		};
		BF9CE96117FB84530067C0C1 /* TestAppTests */ = {
			isa = PBXGroup;
			children = (
				BF9CE96717FB84530067C0C1 /* TestAppTests.m */,
				BF9CE96217FB84530067C0C1 /* Supporting Files */,
			);
			path = TestAppTests;
			sourceTree = "<group>";
		};
		BF9CE96217FB84530067C0C1 /* Supporting Files */ = {
			isa = PBXGroup;
			children = (
				BF9CE96317FB84530067C0C1 /* TestAppTests-Info.plist */,
				BF9CE96417FB84530067C0C1 /* InfoPlist.strings */,
			);
			name = "Supporting Files";
			sourceTree = "<group>";
		};
/* End PBXGroup section */

/* Begin PBXNativeTarget section */
		BF9CE93517FB84530067C0C1 /* TestApp */ = {
			isa = PBXNativeTarget;
			buildConfigurationList = BF9CE96B17FB84530067C0C1 /* Build configuration list for PBXNativeTarget "TestApp" */;
			buildPhases = (
				BF9CE93217FB84530067C0C1 /* Sources */,
				BF9CE93317FB84530067C0C1 /* Frameworks */,
				BF9CE93417FB84530067C0C1 /* Resources */,
			);
			buildRules = (
			);
			dependencies = (
			);
			name = TestApp;
			productName = TestApp;
			productReference = BF9CE93617FB84530067C0C1 /* TestApp.app */;
			productType = "com.apple.product-type.application";
		};
		BF9CE95917FB84530067C0C1 /* TestAppTests */ = {
			isa = PBXNativeTarget;
			buildConfigurationList = BF9CE96E17FB84530067C0C1 /* Build configuration list for PBXNativeTarget "TestAppTests" */;
			buildPhases = (
				BF9CE95617FB84530067C0C1 /* Sources */,
				BF9CE95717FB84530067C0C1 /* Frameworks */,
				BF9CE95817FB84530067C0C1 /* Resources */,
			);
			buildRules = (
			);
			dependencies = (
				BF9CE96017FB84530067C0C1 /* PBXTargetDependency */,
			);
			name = TestAppTests;
			productName = TestAppTests;
			productReference = BF9CE95A17FB84530067C0C1 /* TestAppTests.xctest */;
			productType = "com.apple.product-type.bundle.unit-test";
		};
/* End PBXNativeTarget section */

/* Begin PBXProject section */
		BF9CE92E17FB84530067C0C1 /* Project object */ = {
			isa = PBXProject;
			attributes = {
				LastUpgradeCheck = 0500;
				ORGANIZATIONNAME = "Sebastian Perez Teres";
				TargetAttributes = {
					BF9CE95917FB84530067C0C1 = {
						TestTargetID = BF9CE93517FB84530067C0C1;
					};
				};
			};
			buildConfigurationList = BF9CE93117FB84530067C0C1 /* Build configuration list for PBXProject "TestApp" */;
			compatibilityVersion = "Xcode 3.2";
			developmentRegion = English;
			hasScannedForEncodings = 0;
			knownRegions = (
				en,
				Base,
			);
			mainGroup = BF9CE92D17FB84530067C0C1;
			productRefGroup = BF9CE93717FB84530067C0C1 /* Products */;
			projectDirPath = "";
			projectRoot = "";
			targets = (
				BF9CE93517FB84530067C0C1 /* TestApp */,
				BF9CE95917FB84530067C0C1 /* TestAppTests */,
			);
		};
/* End PBXProject section */

/* Begin PBXResourcesBuildPhase section */
		BF9CE93417FB84530067C0C1 /* Resources */ = {
			isa = PBXResourcesBuildPhase;
			buildActionMask = 2147483647;
			files = (
				BF9CE95017FB84530067C0C1 /* Main_iPad.storyboard in Resources */,
				BF9CE95517FB84530067C0C1 /* Images.xcassets in Resources */,
				BF9CE94D17FB84530067C0C1 /* Main_iPhone.storyboard in Resources */,
				BF9CE94417FB84530067C0C1 /* InfoPlist.strings in Resources */,
			);
			runOnlyForDeploymentPostprocessing = 0;
		};
		BF9CE95817FB84530067C0C1 /* Resources */ = {
			isa = PBXResourcesBuildPhase;
			buildActionMask = 2147483647;
			files = (
				BF9CE96617FB84530067C0C1 /* InfoPlist.strings in Resources */,
			);
			runOnlyForDeploymentPostprocessing = 0;
		};
/* End PBXResourcesBuildPhase section */

/* Begin PBXSourcesBuildPhase section */
		BF9CE93217FB84530067C0C1 /* Sources */ = {
			isa = PBXSourcesBuildPhase;
			buildActionMask = 2147483647;
			files = (
				BF9CE95317FB84530067C0C1 /* ViewController.m in Sources */,
				BF9CE94A17FB84530067C0C1 /* AppDelegate.m in Sources */,
				BF9CE94617FB84530067C0C1 /* main.m in Sources */,
			);
			runOnlyForDeploymentPostprocessing = 0;
		};
		BF9CE95617FB84530067C0C1 /* Sources */ = {
			isa = PBXSourcesBuildPhase;
			buildActionMask = 2147483647;
			files = (
				BF9CE96817FB84530067C0C1 /* TestAppTests.m in Sources */,
			);
			runOnlyForDeploymentPostprocessing = 0;
		};
/* End PBXSourcesBuildPhase section */

/* Begin PBXTargetDependency section */
		BF9CE96017FB84530067C0C1 /* PBXTargetDependency */ = {
			isa = PBXTargetDependency;
			target = BF9CE93517FB84530067C0C1 /* TestApp */;
			targetProxy = BF9CE95F17FB84530067C0C1 /* PBXContainerItemProxy */;
		};
/* End PBXTargetDependency section */

/* Begin PBXVariantGroup section */
		BF9CE94217FB84530067C0C1 /* InfoPlist.strings */ = {
			isa = PBXVariantGroup;
			children = (
				BF9CE94317FB84530067C0C1 /* en */,
			);
			name = InfoPlist.strings;
			sourceTree = "<group>";
		};
		BF9CE94B17FB84530067C0C1 /* Main_iPhone.storyboard */ = {
			isa = PBXVariantGroup;
			children = (
				BF9CE94C17FB84530067C0C1 /* Base */,
			);
			name = Main_iPhone.storyboard;
			sourceTree = "<group>";
		};
		BF9CE94E17FB84530067C0C1 /* Main_iPad.storyboard */ = {
			isa = PBXVariantGroup;
			children = (
				BF9CE94F17FB84530067C0C1 /* Base */,
			);
			name = Main_iPad.storyboard;
			sourceTree = "<group>";
		};
		BF9CE96417FB84530067C0C1 /* InfoPlist.strings */ = {
			isa = PBXVariantGroup;
			children = (
				BF9CE96517FB84530067C0C1 /* en */,
			);
			name = InfoPlist.strings;
			sourceTree = "<group>";
		};
/* End PBXVariantGroup section */

/* Begin XCBuildConfiguration section */
		BF9CE96917FB84530067C0C1 /* Debug */ = {
			isa = XCBuildConfiguration;
			buildSettings = {
				ALWAYS_SEARCH_USER_PATHS = NO;
				ARCHS = "$(ARCHS_STANDARD_INCLUDING_64_BIT)";
				CLANG_CXX_LANGUAGE_STANDARD = "gnu++0x";
				CLANG_CXX_LIBRARY = "libc++";
				CLANG_ENABLE_MODULES = YES;
				CLANG_ENABLE_OBJC_ARC = YES;
				CLANG_WARN_BOOL_CONVERSION = YES;
				CLANG_WARN_CONSTANT_CONVERSION = YES;
				CLANG_WARN_DIRECT_OBJC_ISA_USAGE = YES_ERROR;
				CLANG_WARN_EMPTY_BODY = YES;
				CLANG_WARN_ENUM_CONVERSION = YES;
				CLANG_WARN_INT_CONVERSION = YES;
				CLANG_WARN_OBJC_ROOT_CLASS = YES_ERROR;
				CLANG_WARN__DUPLICATE_METHOD_MATCH = YES;
				"CODE_SIGN_IDENTITY[sdk=iphoneos*]" = "iPhone Developer";
				COPY_PHASE_STRIP = NO;
				GCC_C_LANGUAGE_STANDARD = gnu99;
				GCC_DYNAMIC_NO_PIC = NO;
				GCC_OPTIMIZATION_LEVEL = 0;
				GCC_PREPROCESSOR_DEFINITIONS = (
					"DEBUG=1",
					"$(inherited)",
				);
				GCC_SYMBOLS_PRIVATE_EXTERN = NO;
				GCC_WARN_64_TO_32_BIT_CONVERSION = YES;
				GCC_WARN_ABOUT_RETURN_TYPE = YES_ERROR;
				GCC_WARN_UNDECLARED_SELECTOR = YES;
				GCC_WARN_UNINITIALIZED_AUTOS = YES;
				GCC_WARN_UNUSED_FUNCTION = YES;
				GCC_WARN_UNUSED_VARIABLE = YES;
				IPHONEOS_DEPLOYMENT_TARGET = 7.0;
				ONLY_ACTIVE_ARCH = YES;
				SDKROOT = iphoneos;
				TARGETED_DEVICE_FAMILY = "1,2";
			};
			name = Debug;
		};
		BF9CE96A17FB84530067C0C1 /* Release */ = {
			isa = XCBuildConfiguration;
			buildSettings = {
				ALWAYS_SEARCH_USER_PATHS = NO;
				ARCHS = "$(ARCHS_STANDARD_INCLUDING_64_BIT)";
				CLANG_CXX_LANGUAGE_STANDARD = "gnu++0x";
				CLANG_CXX_LIBRARY = "libc++";
				CLANG_ENABLE_MODULES = YES;
				CLANG_ENABLE_OBJC_ARC = YES;
				CLANG_WARN_BOOL_CONVERSION = YES;
				CLANG_WARN_CONSTANT_CONVERSION = YES;
				CLANG_WARN_DIRECT_OBJC_ISA_USAGE = YES_ERROR;
				CLANG_WARN_EMPTY_BODY = YES;
				CLANG_WARN_ENUM_CONVERSION = YES;
				CLANG_WARN_INT_CONVERSION = YES;
				CLANG_WARN_OBJC_ROOT_CLASS = YES_ERROR;
				CLANG_WARN__DUPLICATE_METHOD_MATCH = YES;
				"CODE_SIGN_IDENTITY[sdk=iphoneos*]" = "iPhone Developer";
				COPY_PHASE_STRIP = YES;
				ENABLE_NS_ASSERTIONS = NO;
				GCC_C_LANGUAGE_STANDARD = gnu99;
				GCC_WARN_64_TO_32_BIT_CONVERSION = YES;
				GCC_WARN_ABOUT_RETURN_TYPE = YES_ERROR;
				GCC_WARN_UNDECLARED_SELECTOR = YES;
				GCC_WARN_UNINITIALIZED_AUTOS = YES;
				GCC_WARN_UNUSED_FUNCTION = YES;
				GCC_WARN_UNUSED_VARIABLE = YES;
				IPHONEOS_DEPLOYMENT_TARGET = 7.0;
				SDKROOT = iphoneos;
				TARGETED_DEVICE_FAMILY = "1,2";
				VALIDATE_PRODUCT = YES;
			};
			name = Release;
		};
		BF9CE96C17FB84530067C0C1 /* Debug */ = {
			isa = XCBuildConfiguration;
			buildSettings = {
				ASSETCATALOG_COMPILER_APPICON_NAME = AppIcon;
				ASSETCATALOG_COMPILER_LAUNCHIMAGE_NAME = LaunchImage;
				GCC_PRECOMPILE_PREFIX_HEADER = YES;
				GCC_PREFIX_HEADER = "TestApp/TestApp-Prefix.pch";
				INFOPLIST_FILE = "TestApp/TestApp-Info.plist";
				PRODUCT_NAME = "$(TARGET_NAME)";
				WRAPPER_EXTENSION = app;
			};
			name = Debug;
		};
		BF9CE96D17FB84530067C0C1 /* Release */ = {
			isa = XCBuildConfiguration;
			buildSettings = {
				ASSETCATALOG_COMPILER_APPICON_NAME = AppIcon;
				ASSETCATALOG_COMPILER_LAUNCHIMAGE_NAME = LaunchImage;
				GCC_PRECOMPILE_PREFIX_HEADER = YES;
				GCC_PREFIX_HEADER = "TestApp/TestApp-Prefix.pch";
				INFOPLIST_FILE = "TestApp/TestApp-Info.plist";
				PRODUCT_NAME = "$(TARGET_NAME)";
				WRAPPER_EXTENSION = app;
			};
			name = Release;
		};
		BF9CE96F17FB84530067C0C1 /* Debug */ = {
			isa = XCBuildConfiguration;
			buildSettings = {
				ARCHS = "$(ARCHS_STANDARD_INCLUDING_64_BIT)";
				BUNDLE_LOADER = "$(BUILT_PRODUCTS_DIR)/TestApp.app/TestApp";
				FRAMEWORK_SEARCH_PATHS = (
					"$(SDKROOT)/Developer/Library/Frameworks",
					"$(inherited)",
					"$(DEVELOPER_FRAMEWORKS_DIR)",
				);
				GCC_PRECOMPILE_PREFIX_HEADER = YES;
				GCC_PREFIX_HEADER = "TestApp/TestApp-Prefix.pch";
				GCC_PREPROCESSOR_DEFINITIONS = (
					"DEBUG=1",
					"$(inherited)",
				);
				INFOPLIST_FILE = "TestAppTests/TestAppTests-Info.plist";
				PRODUCT_NAME = "$(TARGET_NAME)";
				TEST_HOST = "$(BUNDLE_LOADER)";
				WRAPPER_EXTENSION = xctest;
			};
			name = Debug;
		};
		BF9CE97017FB84530067C0C1 /* Release */ = {
			isa = XCBuildConfiguration;
			buildSettings = {
				ARCHS = "$(ARCHS_STANDARD_INCLUDING_64_BIT)";
				BUNDLE_LOADER = "$(BUILT_PRODUCTS_DIR)/TestApp.app/TestApp";
				FRAMEWORK_SEARCH_PATHS = (
					"$(SDKROOT)/Developer/Library/Frameworks",
					"$(inherited)",
					"$(DEVELOPER_FRAMEWORKS_DIR)",
				);
				GCC_PRECOMPILE_PREFIX_HEADER = YES;
				GCC_PREFIX_HEADER = "TestApp/TestApp-Prefix.pch";
				INFOPLIST_FILE = "TestAppTests/TestAppTests-Info.plist";
				PRODUCT_NAME = "$(TARGET_NAME)";
				TEST_HOST = "$(BUNDLE_LOADER)";
				WRAPPER_EXTENSION = xctest;
			};
			name = Release;
		};
/* End XCBuildConfiguration section */

/* Begin XCConfigurationList section */
		BF9CE93117FB84530067C0C1 /* Build configuration list for PBXProject "TestApp" */ = {
			isa = XCConfigurationList;
			buildConfigurations = (
				BF9CE96917FB84530067C0C1 /* Debug */,
				BF9CE96A17FB84530067C0C1 /* Release */,
			);
			defaultConfigurationIsVisible = 0;
			defaultConfigurationName = Release;
		};
		BF9CE96B17FB84530067C0C1 /* Build configuration list for PBXNativeTarget "TestApp" */ = {
			isa = XCConfigurationList;
			buildConfigurations = (
				BF9CE96C17FB84530067C0C1 /* Debug */,
				BF9CE96D17FB84530067C0C1 /* Release */,
			);
			defaultConfigurationIsVisible = 0;
		};
		BF9CE96E17FB84530067C0C1 /* Build configuration list for PBXNativeTarget "TestAppTests" */ = {
			isa = XCConfigurationList;
			buildConfigurations = (
				BF9CE96F17FB84530067C0C1 /* Debug */,
				BF9CE97017FB84530067C0C1 /* Release */,
			);
			defaultConfigurationIsVisible = 0;
		};
/* End XCConfigurationList section */
	};
	rootObject = BF9CE92E17FB84530067C0C1 /* Project object */;
}
